
Microsoft Visual Studio Solution File, Format Version 12.00
# Visual Studio Version 17
VisualStudioVersion = 17.0.32126.317
MinimumVisualStudioVersion = 10.0.40219.1
Project("{FAE04EC0-301F-11D3-BF4B-00C04F79EFBC}") = "PagingCustomer", "PagingCustomer\PagingCustomer.csproj", "{F4B8F3D8-A373-4F34-AC43-CBE7828CD721}"
EndProject
Global
	GlobalSection(SolutionConfigurationPlatforms) = preSolution
		Debug|Any CPU = Debug|Any CPU
		Release|Any CPU = Release|Any CPU
	EndGlobalSection
	GlobalSection(ProjectConfigurationPlatforms) = postSolution
		{F4B8F3D8-A373-4F34-AC43-CBE7828CD721}.Debug|Any CPU.ActiveCfg = Debug|Any CPU
		{F4B8F3D8-A373-4F34-AC43-CBE7828CD721}.Debug|Any CPU.Build.0 = Debug|Any CPU
		{F4B8F3D8-A373-4F34-AC43-CBE7828CD721}.Release|Any CPU.ActiveCfg = Release|Any CPU
		{F4B8F3D8-A373-4F34-AC43-CBE7828CD721}.Release|Any CPU.Build.0 = Release|Any CPU
	EndGlobalSection
	GlobalSection(SolutionProperties) = preSolution
		HideSolutionNode = FALSE
	EndGlobalSection
	GlobalSection(ExtensibilityGlobals) = postSolution
		SolutionGuid = {B1660165-8FA8-457B-9F6A-9465C846F2A8}
	EndGlobalSection
EndGlobal
